
Microsoft Visual Studio Solution File, Format Version 12.00
# Visual Studio Version 17
VisualStudioVersion = 17.3.32825.248
MinimumVisualStudioVersion = 10.0.40219.1
Project("{FAE04EC0-301F-11D3-BF4B-00C04F79EFBC}") = "ToDo_App", "ToDo_App\ToDo_App.csproj", "{2264FADF-BEA8-4FE8-BBC7-6323D4731565}"
EndProject
Global
	GlobalSection(SolutionConfigurationPlatforms) = preSolution
		Debug|Any CPU = Debug|Any CPU
		Release|Any CPU = Release|Any CPU
	EndGlobalSection
	GlobalSection(ProjectConfigurationPlatforms) = postSolution
		{2264FADF-BEA8-4FE8-BBC7-6323D4731565}.Debug|Any CPU.ActiveCfg = Debug|Any CPU
		{2264FADF-BEA8-4FE8-BBC7-6323D4731565}.Debug|Any CPU.Build.0 = Debug|Any CPU
		{2264FADF-BEA8-4FE8-BBC7-6323D4731565}.Release|Any CPU.ActiveCfg = Release|Any CPU
		{2264FADF-BEA8-4FE8-BBC7-6323D4731565}.Release|Any CPU.Build.0 = Release|Any CPU
	EndGlobalSection
	GlobalSection(SolutionProperties) = preSolution
		HideSolutionNode = FALSE
	EndGlobalSection
	GlobalSection(ExtensibilityGlobals) = postSolution
		SolutionGuid = {397CF1F6-8112-44DE-91D1-FB8F06BE7FD5}
	EndGlobalSection
EndGlobal
